
Microsoft Visual Studio Solution File, Format Version 12.00
# Visual Studio Version 17
VisualStudioVersion = 17.5.002.0
MinimumVisualStudioVersion = 10.0.40219.1
Project("{9A19103F-16F7-4668-BE54-9A1E7A4F7556}") = "MyConsoleApp", "MyConsoleApp\MyConsoleApp.csproj", "{821314EF-53D5-408B-ADE7-6ADFA141232E}"
EndProject
Global
	GlobalSection(SolutionConfigurationPlatforms) = preSolution
		Debug|Any CPU = Debug|Any CPU
		Release|Any CPU = Release|Any CPU
	EndGlobalSection
	GlobalSection(ProjectConfigurationPlatforms) = postSolution
		{821314EF-53D5-408B-ADE7-6ADFA141232E}.Debug|Any CPU.ActiveCfg = Debug|Any CPU
		{821314EF-53D5-408B-ADE7-6ADFA141232E}.Debug|Any CPU.Build.0 = Debug|Any CPU
		{821314EF-53D5-408B-ADE7-6ADFA141232E}.Release|Any CPU.ActiveCfg = Release|Any CPU
		{821314EF-53D5-408B-ADE7-6ADFA141232E}.Release|Any CPU.Build.0 = Release|Any CPU
	EndGlobalSection
	GlobalSection(SolutionProperties) = preSolution
		HideSolutionNode = FALSE
	EndGlobalSection
	GlobalSection(ExtensibilityGlobals) = postSolution
		SolutionGuid = {E744B325-A601-4FF1-8125-A2684DEA848F}
	EndGlobalSection
EndGlobal
